
Microsoft Visual Studio Solution File, Format Version 12.00
# Visual Studio Version 16
VisualStudioVersion = 16.0.33214.272
MinimumVisualStudioVersion = 10.0.40219.1
Project("{FAE04EC0-301F-11D3-BF4B-00C04F79EFBC}") = "Online Voting system", "Online Voting system\Online Voting system.csproj", "{EA4D3FE3-0583-4022-9DE8-73714DD41A8C}"
EndProject
Global
	GlobalSection(SolutionConfigurationPlatforms) = preSolution
		Debug|Any CPU = Debug|Any CPU
		Release|Any CPU = Release|Any CPU
	EndGlobalSection
	GlobalSection(ProjectConfigurationPlatforms) = postSolution
		{EA4D3FE3-0583-4022-9DE8-73714DD41A8C}.Debug|Any CPU.ActiveCfg = Debug|Any CPU
		{EA4D3FE3-0583-4022-9DE8-73714DD41A8C}.Debug|Any CPU.Build.0 = Debug|Any CPU
		{EA4D3FE3-0583-4022-9DE8-73714DD41A8C}.Release|Any CPU.ActiveCfg = Release|Any CPU
		{EA4D3FE3-0583-4022-9DE8-73714DD41A8C}.Release|Any CPU.Build.0 = Release|Any CPU
	EndGlobalSection
	GlobalSection(SolutionProperties) = preSolution
		HideSolutionNode = FALSE
	EndGlobalSection
	GlobalSection(ExtensibilityGlobals) = postSolution
		SolutionGuid = {4D142FFE-D14D-485A-9CD4-976B609FA19F}
	EndGlobalSection
EndGlobal
